{
  "name": "agent-around",
  "version": "1.0.0",
  "lockfileVersion": 3,
  "requires": true,
  "packages": {
    "": {
      "name": "agent-around",
      "version": "1.0.0",
      "license": "ISC",
      "dependencies": {
        "@ai-sdk/openai": "^3.0.2",
        "ai": "^6.0.5",
        "ai-sdk-ollama": "^3.0.1",
        "dotenv": "^17.2.3",
        "zod": "^4.3.2"
      }
    },
    "node_modules/@ai-sdk/gateway": {
      "version": "3.0.4",
      "resolved": "https://registry.npmmirror.com/@ai-sdk/gateway/-/gateway-3.0.4.tgz",
      "integrity": "sha512-OlccjNYZ5+4FaNyvs0kb3N5H6U/QCKlKPTGsgUo8IZkqfMQu8ALI1XD6l/BCuTKto+OO9xUPObT/W7JhbqJ5nA==",
      "license": "Apache-2.0",
      "dependencies": {
        "@ai-sdk/provider": "3.0.1",
        "@ai-sdk/provider-utils": "4.0.2",
        "@vercel/oidc": "3.0.5"
      },
      "engines": {
        "node": ">=18"
      },
      "peerDependencies": {
        "zod": "^3.25.76 || ^4.1.8"
      }
    },
    "node_modules/@ai-sdk/openai": {
      "version": "3.0.2",
      "resolved": "https://registry.npmmirror.com/@ai-sdk/openai/-/openai-3.0.2.tgz",
      "integrity": "sha512-GONwavgSWtcWO+t9+GpGK8l7nIYh+zNtCL/NYDSeHxHiw6ksQS9XMRWrZyE5NpJ0EXNxSAWCHIDmb1WvTqhq9Q==",
      "license": "Apache-2.0",
      "dependencies": {
        "@ai-sdk/provider": "3.0.1",
        "@ai-sdk/provider-utils": "4.0.2"
      },
      "engines": {
        "node": ">=18"
      },
      "peerDependencies": {
        "zod": "^3.25.76 || ^4.1.8"
      }
    },
    "node_modules/@ai-sdk/provider": {
      "version": "3.0.1",
      "resolved": "https://registry.npmmirror.com/@ai-sdk/provider/-/provider-3.0.1.tgz",
      "integrity": "sha512-2lR4w7mr9XrydzxBSjir4N6YMGdXD+Np1Sh0RXABh7tWdNFFwIeRI1Q+SaYZMbfL8Pg8RRLcrxQm51yxTLhokg==",
      "license": "Apache-2.0",
      "dependencies": {
        "json-schema": "^0.4.0"
      },
      "engines": {
        "node": ">=18"
      }
    },
    "node_modules/@ai-sdk/provider-utils": {
      "version": "4.0.2",
      "resolved": "https://registry.npmmirror.com/@ai-sdk/provider-utils/-/provider-utils-4.0.2.tgz",
      "integrity": "sha512-KaykkuRBdF/ffpI5bwpL4aSCmO/99p8/ci+VeHwJO8tmvXtiVAb99QeyvvvXmL61e9Zrvv4GBGoajW19xdjkVQ==",
      "license": "Apache-2.0",
      "dependencies": {
        "@ai-sdk/provider": "3.0.1",
        "@standard-schema/spec": "^1.1.0",
        "eventsource-parser": "^3.0.6"
      },
      "engines": {
        "node": ">=18"
      },
      "peerDependencies": {
        "zod": "^3.25.76 || ^4.1.8"
      }
    },
    "node_modules/@opentelemetry/api": {
      "version": "1.9.0",
      "resolved": "https://registry.npmmirror.com/@opentelemetry/api/-/api-1.9.0.tgz",
      "integrity": "sha512-3giAOQvZiH5F9bMlMiv8+GSPMeqg0dbaeo58/0SlA9sxSqZhnUtxzX9/2FzyhS9sWQf5S0GJE0AKBrFqjpeYcg==",
      "license": "Apache-2.0",
      "engines": {
        "node": ">=8.0.0"
      }
    },
    "node_modules/@standard-schema/spec": {
      "version": "1.1.0",
      "resolved": "https://registry.npmmirror.com/@standard-schema/spec/-/spec-1.1.0.tgz",
      "integrity": "sha512-l2aFy5jALhniG5HgqrD6jXLi/rUWrKvqN/qJx6yoJsgKhblVd+iqqU4RCXavm/jPityDo5TCvKMnpjKnOriy0w==",
      "license": "MIT"
    },
    "node_modules/@vercel/oidc": {
      "version": "3.0.5",
      "resolved": "https://registry.npmmirror.com/@vercel/oidc/-/oidc-3.0.5.tgz",
      "integrity": "sha512-fnYhv671l+eTTp48gB4zEsTW/YtRgRPnkI2nT7x6qw5rkI1Lq2hTmQIpHPgyThI0znLK+vX2n9XxKdXZ7BUbbw==",
      "license": "Apache-2.0",
      "engines": {
        "node": ">= 20"
      }
    },
    "node_modules/ai": {
      "version": "6.0.5",
      "resolved": "https://registry.npmmirror.com/ai/-/ai-6.0.5.tgz",
      "integrity": "sha512-CKL3dDHedWskC6EY67LrULonZBU9vL+Bwa+xQEcprBhJfxpogntG3utjiAkYuy5ZQatyWk+SmWG8HLvcnhvbRg==",
      "license": "Apache-2.0",
      "dependencies": {
        "@ai-sdk/gateway": "3.0.4",
        "@ai-sdk/provider": "3.0.1",
        "@ai-sdk/provider-utils": "4.0.2",
        "@opentelemetry/api": "1.9.0"
      },
      "engines": {
        "node": ">=18"
      },
      "peerDependencies": {
        "zod": "^3.25.76 || ^4.1.8"
      }
    },
    "node_modules/ai-sdk-ollama": {
      "version": "3.0.1",
      "resolved": "https://registry.npmmirror.com/ai-sdk-ollama/-/ai-sdk-ollama-3.0.1.tgz",
      "integrity": "sha512-mQIzn10Ex8XbEQ8DmWUC6Z/iKf8dCmfc8bYQdudZXsksQowGDbB5pidTUKLoDtfHTjO7FsOX2FovrCnLxkieow==",
      "license": "MIT",
      "dependencies": {
        "@ai-sdk/provider": "^3.0.0",
        "@ai-sdk/provider-utils": "^4.0.1",
        "ollama": "^0.6.3"
      },
      "engines": {
        "node": ">=22"
      },
      "peerDependencies": {
        "ai": "^6.0.3"
      }
    },
    "node_modules/dotenv": {
      "version": "17.2.3",
      "resolved": "https://registry.npmmirror.com/dotenv/-/dotenv-17.2.3.tgz",
      "integrity": "sha512-JVUnt+DUIzu87TABbhPmNfVdBDt18BLOWjMUFJMSi/Qqg7NTYtabbvSNJGOJ7afbRuv9D/lngizHtP7QyLQ+9w==",
      "license": "BSD-2-Clause",
      "engines": {
        "node": ">=12"
      },
      "funding": {
        "url": "https://dotenvx.com"
      }
    },
    "node_modules/eventsource-parser": {
      "version": "3.0.6",
      "resolved": "https://registry.npmmirror.com/eventsource-parser/-/eventsource-parser-3.0.6.tgz",
      "integrity": "sha512-Vo1ab+QXPzZ4tCa8SwIHJFaSzy4R6SHf7BY79rFBDf0idraZWAkYrDjDj8uWaSm3S2TK+hJ7/t1CEmZ7jXw+pg==",
      "license": "MIT",
      "engines": {
        "node": ">=18.0.0"
      }
    },
    "node_modules/json-schema": {
      "version": "0.4.0",
      "resolved": "https://registry.npmmirror.com/json-schema/-/json-schema-0.4.0.tgz",
      "integrity": "sha512-es94M3nTIfsEPisRafak+HDLfHXnKBhV3vU5eqPcS3flIWqcxJWgXHXiey3YrpaNsanY5ei1VoYEbOzijuq9BA==",
      "license": "(AFL-2.1 OR BSD-3-Clause)"
    },
    "node_modules/ollama": {
      "version": "0.6.3",
      "resolved": "https://registry.npmmirror.com/ollama/-/ollama-0.6.3.tgz",
      "integrity": "sha512-KEWEhIqE5wtfzEIZbDCLH51VFZ6Z3ZSa6sIOg/E/tBV8S51flyqBOXi+bRxlOYKDf8i327zG9eSTb8IJxvm3Zg==",
      "license": "MIT",
      "dependencies": {
        "whatwg-fetch": "^3.6.20"
      }
    },
    "node_modules/whatwg-fetch": {
      "version": "3.6.20",
      "resolved": "https://registry.npmmirror.com/whatwg-fetch/-/whatwg-fetch-3.6.20.tgz",
      "integrity": "sha512-EqhiFU6daOA8kpjOWTL0olhVOF3i7OrFzSYiGsEMB8GcXS+RrzauAERX65xMeNWVqxA6HXH2m69Z9LaKKdisfg==",
      "license": "MIT"
    },
    "node_modules/zod": {
      "version": "4.3.2",
      "resolved": "https://registry.npmmirror.com/zod/-/zod-4.3.2.tgz",
      "integrity": "sha512-b8L8yn4rIVfiXyHAmnr52/ZEpDumlT0bmxiq3Ws1ybrinhflGpt12Hvv54kYnEsGPRs6o/Ka3/ppA2OWY21IVg==",
      "license": "MIT",
      "funding": {
        "url": "https://github.com/sponsors/colinhacks"
      }
    }
  }
}
